
Microsoft Visual Studio Solution File, Format Version 12.00
# Visual Studio Version 17
VisualStudioVersion = 17.0.31903.59
MinimumVisualStudioVersion = 10.0.40219.1
Project("{9A19103F-16F7-4668-BE54-9A1E7A4F7556}") = "SampleNuGet", "SampleNuGet\SampleNuGet.csproj", "{29A2295A-71A3-4C73-B41F-D405F355F081}"
EndProject
Project("{9A19103F-16F7-4668-BE54-9A1E7A4F7556}") = "SampleNuGet.Tests", "SampleNuGet.Tests\SampleNuGet.Tests.csproj", "{8200C1AF-70FD-42E0-8D75-02BD3884425A}"
EndProject
Project("{2150E333-8FDC-42A3-9474-1A3956D46DE8}") = "Solution Items", "Solution Items", "{F1F1CB14-7E23-4533-B53F-166CF1D69265}"
	ProjectSection(SolutionItems) = preProject
		global.json = global.json
	EndProjectSection
EndProject
Global
	GlobalSection(SolutionConfigurationPlatforms) = preSolution
		Debug|Any CPU = Debug|Any CPU
		Release|Any CPU = Release|Any CPU
	EndGlobalSection
	GlobalSection(ProjectConfigurationPlatforms) = postSolution
		{29A2295A-71A3-4C73-B41F-D405F355F081}.Debug|Any CPU.ActiveCfg = Debug|Any CPU
		{29A2295A-71A3-4C73-B41F-D405F355F081}.Debug|Any CPU.Build.0 = Debug|Any CPU
		{29A2295A-71A3-4C73-B41F-D405F355F081}.Release|Any CPU.ActiveCfg = Release|Any CPU
		{29A2295A-71A3-4C73-B41F-D405F355F081}.Release|Any CPU.Build.0 = Release|Any CPU
		{8200C1AF-70FD-42E0-8D75-02BD3884425A}.Debug|Any CPU.ActiveCfg = Debug|Any CPU
		{8200C1AF-70FD-42E0-8D75-02BD3884425A}.Debug|Any CPU.Build.0 = Debug|Any CPU
		{8200C1AF-70FD-42E0-8D75-02BD3884425A}.Release|Any CPU.ActiveCfg = Release|Any CPU
		{8200C1AF-70FD-42E0-8D75-02BD3884425A}.Release|Any CPU.Build.0 = Release|Any CPU
	EndGlobalSection
	GlobalSection(SolutionProperties) = preSolution
		HideSolutionNode = FALSE
	EndGlobalSection
	GlobalSection(ExtensibilityGlobals) = postSolution
		SolutionGuid = {63EAAAA8-A2C5-431D-9EBD-A0FDECDCC7EB}
	EndGlobalSection
EndGlobal
